{
  "R": {
    "Version": "4.4.3",
    "Repositories": [
      {
        "Name": "CRAN",
        "URL": "https://cloud.r-project.org"
      }
    ]
  },
  "Packages": {
    "R6": {
      "Package": "R6",
      "Version": "2.6.1",
      "Source": "Repository",
      "Title": "Encapsulated Classes with Reference Semantics",
      "Authors@R": "c( person(\"Winston\", \"Chang\", , \"winston@posit.co\", role = c(\"aut\", \"cre\")), person(\"Posit Software, PBC\", role = c(\"cph\", \"fnd\")) )",
      "Description": "Creates classes with reference semantics, similar to R's built-in reference classes. Compared to reference classes, R6 classes are simpler and lighter-weight, and they are not built on S4 classes so they do not require the methods package. These classes allow public and private members, and they support inheritance, even when the classes are defined in different packages.",
      "License": "MIT + file LICENSE",
      "URL": "https://r6.r-lib.org, https://github.com/r-lib/R6",
      "BugReports": "https://github.com/r-lib/R6/issues",
      "Depends": [
        "R (>= 3.6)"
      ],
      "Suggests": [
        "lobstr",
        "testthat (>= 3.0.0)"
      ],
      "Config/Needs/website": "tidyverse/tidytemplate, ggplot2, microbenchmark, scales",
      "Config/testthat/edition": "3",
      "Encoding": "UTF-8",
      "RoxygenNote": "7.3.2",
      "NeedsCompilation": "no",
      "Author": "Winston Chang [aut, cre], Posit Software, PBC [cph, fnd]",
      "Maintainer": "Winston Chang <winston@posit.co>",
      "Repository": "CRAN"
    },
    "argparse": {
      "Package": "argparse",
      "Version": "2.2.5",
      "Source": "Repository",
      "Type": "Package",
      "Title": "Command Line Optional and Positional Argument Parser",
      "Authors@R": "c(person(\"Trevor L.\", \"Davis\", role=c(\"aut\", \"cre\"), email=\"trevor.l.davis@gmail.com\", comment = c(ORCID = \"0000-0001-6341-4639\")), person(\"Allen\", \"Day\", role=\"ctb\", comment=\"Some documentation and examples ported from the getopt package.\"), person(\"Python Software Foundation\", role=\"ctb\", comment=\"Some documentation from the argparse Python module.\"), person(\"Paul\", \"Newell\", role=\"ctb\"))",
      "Description": "A command line parser to be used with 'Rscript' to write \"#!\" shebang scripts that gracefully accept positional and optional arguments and automatically generate usage.",
      "License": "GPL (>= 2)",
      "Copyright": "See file (inst/)COPYRIGHTS.",
      "URL": "https://github.com/trevorld/r-argparse, https://trevorldavis.com/R/argparse/",
      "BugReports": "https://github.com/trevorld/r-argparse/issues",
      "LazyLoad": "yes",
      "Depends": [
        "R (>= 3.6.0)"
      ],
      "Imports": [
        "findpython",
        "jsonlite",
        "R6"
      ],
      "SystemRequirements": "python (>= 3.2)",
      "Suggests": [
        "knitr (>= 1.15.19)",
        "rmarkdown",
        "testthat"
      ],
      "VignetteBuilder": "knitr",
      "RoxygenNote": "7.3.1",
      "Encoding": "UTF-8",
      "NeedsCompilation": "no",
      "Author": "Trevor L. Davis [aut, cre] (<https://orcid.org/0000-0001-6341-4639>), Allen Day [ctb] (Some documentation and examples ported from the getopt package.), Python Software Foundation [ctb] (Some documentation from the argparse Python module.), Paul Newell [ctb]",
      "Maintainer": "Trevor L. Davis <trevor.l.davis@gmail.com>",
      "Repository": "CRAN"
    },
    "cpp11": {
      "Package": "cpp11",
      "Version": "0.5.2",
      "Source": "Repository",
      "Title": "A C++11 Interface for R's C Interface",
      "Authors@R": "c( person(\"Davis\", \"Vaughan\", email = \"davis@posit.co\", role = c(\"aut\", \"cre\"), comment = c(ORCID = \"0000-0003-4777-038X\")), person(\"Jim\",\"Hester\", role = \"aut\", comment = c(ORCID = \"0000-0002-2739-7082\")), person(\"Romain\", \"François\", role = \"aut\", comment = c(ORCID = \"0000-0002-2444-4226\")), person(\"Benjamin\", \"Kietzman\", role = \"ctb\"), person(\"Posit Software, PBC\", role = c(\"cph\", \"fnd\")) )",
      "Description": "Provides a header only, C++11 interface to R's C interface.  Compared to other approaches 'cpp11' strives to be safe against long jumps from the C API as well as C++ exceptions, conform to normal R function semantics and supports interaction with 'ALTREP' vectors.",
      "License": "MIT + file LICENSE",
      "URL": "https://cpp11.r-lib.org, https://github.com/r-lib/cpp11",
      "BugReports": "https://github.com/r-lib/cpp11/issues",
      "Depends": [
        "R (>= 4.0.0)"
      ],
      "Suggests": [
        "bench",
        "brio",
        "callr",
        "cli",
        "covr",
        "decor",
        "desc",
        "ggplot2",
        "glue",
        "knitr",
        "lobstr",
        "mockery",
        "progress",
        "rmarkdown",
        "scales",
        "Rcpp",
        "testthat (>= 3.2.0)",
        "tibble",
        "utils",
        "vctrs",
        "withr"
      ],
      "VignetteBuilder": "knitr",
      "Config/Needs/website": "tidyverse/tidytemplate",
      "Config/testthat/edition": "3",
      "Config/Needs/cpp11/cpp_register": "brio, cli, decor, desc, glue, tibble, vctrs",
      "Encoding": "UTF-8",
      "RoxygenNote": "7.3.2",
      "NeedsCompilation": "no",
      "Author": "Davis Vaughan [aut, cre] (<https://orcid.org/0000-0003-4777-038X>), Jim Hester [aut] (<https://orcid.org/0000-0002-2739-7082>), Romain François [aut] (<https://orcid.org/0000-0002-2444-4226>), Benjamin Kietzman [ctb], Posit Software, PBC [cph, fnd]",
      "Maintainer": "Davis Vaughan <davis@posit.co>",
      "Repository": "CRAN"
    },
    "data.table": {
      "Package": "data.table",
      "Version": "1.17.0",
      "Source": "Repository",
      "Title": "Extension of `data.frame`",
      "Depends": [
        "R (>= 3.3.0)"
      ],
      "Imports": [
        "methods"
      ],
      "Suggests": [
        "bit64 (>= 4.0.0)",
        "bit (>= 4.0.4)",
        "R.utils",
        "xts",
        "zoo (>= 1.8-1)",
        "yaml",
        "knitr",
        "markdown"
      ],
      "Description": "Fast aggregation of large data (e.g. 100GB in RAM), fast ordered joins, fast add/modify/delete of columns by group using no copies at all, list columns, friendly and fast character-separated-value read/write. Offers a natural and flexible syntax, for faster development.",
      "License": "MPL-2.0 | file LICENSE",
      "URL": "https://r-datatable.com, https://Rdatatable.gitlab.io/data.table, https://github.com/Rdatatable/data.table",
      "BugReports": "https://github.com/Rdatatable/data.table/issues",
      "VignetteBuilder": "knitr",
      "Encoding": "UTF-8",
      "ByteCompile": "TRUE",
      "Authors@R": "c( person(\"Tyson\",\"Barrett\",        role=c(\"aut\",\"cre\"), email=\"t.barrett88@gmail.com\", comment = c(ORCID=\"0000-0002-2137-1391\")), person(\"Matt\",\"Dowle\",           role=\"aut\",          email=\"mattjdowle@gmail.com\"), person(\"Arun\",\"Srinivasan\",      role=\"aut\",          email=\"asrini@pm.me\"), person(\"Jan\",\"Gorecki\",          role=\"aut\"), person(\"Michael\",\"Chirico\",      role=\"aut\", comment = c(ORCID=\"0000-0003-0787-087X\")), person(\"Toby\",\"Hocking\",         role=\"aut\", comment = c(ORCID=\"0000-0002-3146-0865\")), person(\"Benjamin\",\"Schwendinger\",role=\"aut\", comment = c(ORCID=\"0000-0003-3315-8114\")), person(\"Ivan\", \"Krylov\",         role=\"aut\",          email=\"ikrylov@disroot.org\",   comment = c(ORCID=\"0000-0002-0172-3812\")), person(\"Pasha\",\"Stetsenko\",      role=\"ctb\"), person(\"Tom\",\"Short\",            role=\"ctb\"), person(\"Steve\",\"Lianoglou\",      role=\"ctb\"), person(\"Eduard\",\"Antonyan\",      role=\"ctb\"), person(\"Markus\",\"Bonsch\",        role=\"ctb\"), person(\"Hugh\",\"Parsonage\",       role=\"ctb\"), person(\"Scott\",\"Ritchie\",        role=\"ctb\"), person(\"Kun\",\"Ren\",              role=\"ctb\"), person(\"Xianying\",\"Tan\",         role=\"ctb\"), person(\"Rick\",\"Saporta\",         role=\"ctb\"), person(\"Otto\",\"Seiskari\",        role=\"ctb\"), person(\"Xianghui\",\"Dong\",        role=\"ctb\"), person(\"Michel\",\"Lang\",          role=\"ctb\"), person(\"Watal\",\"Iwasaki\",        role=\"ctb\"), person(\"Seth\",\"Wenchel\",         role=\"ctb\"), person(\"Karl\",\"Broman\",          role=\"ctb\"), person(\"Tobias\",\"Schmidt\",       role=\"ctb\"), person(\"David\",\"Arenburg\",       role=\"ctb\"), person(\"Ethan\",\"Smith\",          role=\"ctb\"), person(\"Francois\",\"Cocquemas\",   role=\"ctb\"), person(\"Matthieu\",\"Gomez\",       role=\"ctb\"), person(\"Philippe\",\"Chataignon\",  role=\"ctb\"), person(\"Nello\",\"Blaser\",         role=\"ctb\"), person(\"Dmitry\",\"Selivanov\",     role=\"ctb\"), person(\"Andrey\",\"Riabushenko\",   role=\"ctb\"), person(\"Cheng\",\"Lee\",            role=\"ctb\"), person(\"Declan\",\"Groves\",        role=\"ctb\"), person(\"Daniel\",\"Possenriede\",   role=\"ctb\"), person(\"Felipe\",\"Parages\",       role=\"ctb\"), person(\"Denes\",\"Toth\",           role=\"ctb\"), person(\"Mus\",\"Yaramaz-David\",    role=\"ctb\"), person(\"Ayappan\",\"Perumal\",      role=\"ctb\"), person(\"James\",\"Sams\",           role=\"ctb\"), person(\"Martin\",\"Morgan\",        role=\"ctb\"), person(\"Michael\",\"Quinn\",        role=\"ctb\"), person(\"@javrucebo\",\"\",          role=\"ctb\"), person(\"@marc-outins\",\"\",        role=\"ctb\"), person(\"Roy\",\"Storey\",           role=\"ctb\"), person(\"Manish\",\"Saraswat\",      role=\"ctb\"), person(\"Morgan\",\"Jacob\",         role=\"ctb\"), person(\"Michael\",\"Schubmehl\",    role=\"ctb\"), person(\"Davis\",\"Vaughan\",        role=\"ctb\"), person(\"Leonardo\",\"Silvestri\",   role=\"ctb\"), person(\"Jim\",\"Hester\",           role=\"ctb\"), person(\"Anthony\",\"Damico\",       role=\"ctb\"), person(\"Sebastian\",\"Freundt\",    role=\"ctb\"), person(\"David\",\"Simons\",         role=\"ctb\"), person(\"Elliott\",\"Sales de Andrade\", role=\"ctb\"), person(\"Cole\",\"Miller\",          role=\"ctb\"), person(\"Jens Peder\",\"Meldgaard\", role=\"ctb\"), person(\"Vaclav\",\"Tlapak\",        role=\"ctb\"), person(\"Kevin\",\"Ushey\",          role=\"ctb\"), person(\"Dirk\",\"Eddelbuettel\",    role=\"ctb\"), person(\"Tony\",\"Fischetti\",       role=\"ctb\"), person(\"Ofek\",\"Shilon\",          role=\"ctb\"), person(\"Vadim\",\"Khotilovich\",    role=\"ctb\"), person(\"Hadley\",\"Wickham\",       role=\"ctb\"), person(\"Bennet\",\"Becker\",        role=\"ctb\"), person(\"Kyle\",\"Haynes\",          role=\"ctb\"), person(\"Boniface Christian\",\"Kamgang\", role=\"ctb\"), person(\"Olivier\",\"Delmarcell\",   role=\"ctb\"), person(\"Josh\",\"O'Brien\",         role=\"ctb\"), person(\"Dereck\",\"de Mezquita\",   role=\"ctb\"), person(\"Michael\",\"Czekanski\",    role=\"ctb\"), person(\"Dmitry\", \"Shemetov\",     role=\"ctb\"), person(\"Nitish\", \"Jha\",          role=\"ctb\"), person(\"Joshua\", \"Wu\",           role=\"ctb\"), person(\"Iago\", \"Giné-Vázquez\",   role=\"ctb\"), person(\"Anirban\", \"Chetia\",      role=\"ctb\"), person(\"Doris\", \"Amoakohene\",    role=\"ctb\"), person(\"Angel\", \"Feliz\",         role=\"ctb\"), person(\"Michael\",\"Young\",        role=\"ctb\"), person(\"Mark\", \"Seeto\",          role=\"ctb\"), person(\"Philippe\", \"Grosjean\",   role=\"ctb\"), person(\"Vincent\", \"Runge\",       role=\"ctb\"), person(\"Christian\", \"Wia\",       role=\"ctb\"), person(\"Elise\", \"Maigné\",        role=\"ctb\"), person(\"Vincent\", \"Rocher\",      role=\"ctb\"), person(\"Vijay\", \"Lulla\",         role=\"ctb\"), person(\"Aljaž\", \"Sluga\",         role=\"ctb\"), person(\"Bill\", \"Evans\",          role=\"ctb\") )",
      "NeedsCompilation": "yes",
      "Author": "Tyson Barrett [aut, cre] (<https://orcid.org/0000-0002-2137-1391>), Matt Dowle [aut], Arun Srinivasan [aut], Jan Gorecki [aut], Michael Chirico [aut] (<https://orcid.org/0000-0003-0787-087X>), Toby Hocking [aut] (<https://orcid.org/0000-0002-3146-0865>), Benjamin Schwendinger [aut] (<https://orcid.org/0000-0003-3315-8114>), Ivan Krylov [aut] (<https://orcid.org/0000-0002-0172-3812>), Pasha Stetsenko [ctb], Tom Short [ctb], Steve Lianoglou [ctb], Eduard Antonyan [ctb], Markus Bonsch [ctb], Hugh Parsonage [ctb], Scott Ritchie [ctb], Kun Ren [ctb], Xianying Tan [ctb], Rick Saporta [ctb], Otto Seiskari [ctb], Xianghui Dong [ctb], Michel Lang [ctb], Watal Iwasaki [ctb], Seth Wenchel [ctb], Karl Broman [ctb], Tobias Schmidt [ctb], David Arenburg [ctb], Ethan Smith [ctb], Francois Cocquemas [ctb], Matthieu Gomez [ctb], Philippe Chataignon [ctb], Nello Blaser [ctb], Dmitry Selivanov [ctb], Andrey Riabushenko [ctb], Cheng Lee [ctb], Declan Groves [ctb], Daniel Possenriede [ctb], Felipe Parages [ctb], Denes Toth [ctb], Mus Yaramaz-David [ctb], Ayappan Perumal [ctb], James Sams [ctb], Martin Morgan [ctb], Michael Quinn [ctb], @javrucebo [ctb], @marc-outins [ctb], Roy Storey [ctb], Manish Saraswat [ctb], Morgan Jacob [ctb], Michael Schubmehl [ctb], Davis Vaughan [ctb], Leonardo Silvestri [ctb], Jim Hester [ctb], Anthony Damico [ctb], Sebastian Freundt [ctb], David Simons [ctb], Elliott Sales de Andrade [ctb], Cole Miller [ctb], Jens Peder Meldgaard [ctb], Vaclav Tlapak [ctb], Kevin Ushey [ctb], Dirk Eddelbuettel [ctb], Tony Fischetti [ctb], Ofek Shilon [ctb], Vadim Khotilovich [ctb], Hadley Wickham [ctb], Bennet Becker [ctb], Kyle Haynes [ctb], Boniface Christian Kamgang [ctb], Olivier Delmarcell [ctb], Josh O'Brien [ctb], Dereck de Mezquita [ctb], Michael Czekanski [ctb], Dmitry Shemetov [ctb], Nitish Jha [ctb], Joshua Wu [ctb], Iago Giné-Vázquez [ctb], Anirban Chetia [ctb], Doris Amoakohene [ctb], Angel Feliz [ctb], Michael Young [ctb], Mark Seeto [ctb], Philippe Grosjean [ctb], Vincent Runge [ctb], Christian Wia [ctb], Elise Maigné [ctb], Vincent Rocher [ctb], Vijay Lulla [ctb], Aljaž Sluga [ctb], Bill Evans [ctb]",
      "Maintainer": "Tyson Barrett <t.barrett88@gmail.com>",
      "Repository": "CRAN"
    },
    "findpython": {
      "Package": "findpython",
      "Version": "1.0.9",
      "Source": "Repository",
      "Type": "Package",
      "Title": "Functions to Find an Acceptable Python Binary",
      "Authors@R": "c(person(\"Trevor L.\", \"Davis\", role=c(\"aut\", \"cre\"), email=\"trevor.l.davis@gmail.com\", comment = c(ORCID = \"0000-0001-6341-4639\")), person(\"Paul\", \"Gilbert\", role=\"aut\"))",
      "URL": "https://github.com/trevorld/findpython, https://trevorldavis.com/R/findpython/",
      "BugReports": "https://github.com/trevorld/findpython/issues",
      "Description": "Package designed to find an acceptable python binary.",
      "Suggests": [
        "reticulate",
        "testthat"
      ],
      "License": "MIT + file LICENSE",
      "Collate": "'find_python_cmd.r'",
      "RoxygenNote": "7.3.1",
      "Encoding": "UTF-8",
      "NeedsCompilation": "no",
      "Author": "Trevor L. Davis [aut, cre] (<https://orcid.org/0000-0001-6341-4639>), Paul Gilbert [aut]",
      "Maintainer": "Trevor L. Davis <trevor.l.davis@gmail.com>",
      "Repository": "CRAN"
    },
    "generics": {
      "Package": "generics",
      "Version": "0.1.4",
      "Source": "Repository",
      "Title": "Common S3 Generics not Provided by Base R Methods Related to Model Fitting",
      "Authors@R": "c( person(\"Hadley\", \"Wickham\", , \"hadley@posit.co\", role = c(\"aut\", \"cre\"), comment = c(ORCID = \"0000-0003-4757-117X\")), person(\"Max\", \"Kuhn\", , \"max@posit.co\", role = \"aut\"), person(\"Davis\", \"Vaughan\", , \"davis@posit.co\", role = \"aut\"), person(\"Posit Software, PBC\", role = c(\"cph\", \"fnd\"), comment = c(ROR = \"https://ror.org/03wc8by49\")) )",
      "Description": "In order to reduce potential package dependencies and conflicts, generics provides a number of commonly used S3 generics.",
      "License": "MIT + file LICENSE",
      "URL": "https://generics.r-lib.org, https://github.com/r-lib/generics",
      "BugReports": "https://github.com/r-lib/generics/issues",
      "Depends": [
        "R (>= 3.6)"
      ],
      "Imports": [
        "methods"
      ],
      "Suggests": [
        "covr",
        "pkgload",
        "testthat (>= 3.0.0)",
        "tibble",
        "withr"
      ],
      "Config/Needs/website": "tidyverse/tidytemplate",
      "Config/testthat/edition": "3",
      "Encoding": "UTF-8",
      "RoxygenNote": "7.3.2",
      "NeedsCompilation": "no",
      "Author": "Hadley Wickham [aut, cre] (ORCID: <https://orcid.org/0000-0003-4757-117X>), Max Kuhn [aut], Davis Vaughan [aut], Posit Software, PBC [cph, fnd] (ROR: <https://ror.org/03wc8by49>)",
      "Maintainer": "Hadley Wickham <hadley@posit.co>",
      "Repository": "CRAN"
    },
    "jsonlite": {
      "Package": "jsonlite",
      "Version": "2.0.0",
      "Source": "Repository",
      "Title": "A Simple and Robust JSON Parser and Generator for R",
      "License": "MIT + file LICENSE",
      "Depends": [
        "methods"
      ],
      "Authors@R": "c( person(\"Jeroen\", \"Ooms\", role = c(\"aut\", \"cre\"), email = \"jeroenooms@gmail.com\", comment = c(ORCID = \"0000-0002-4035-0289\")), person(\"Duncan\", \"Temple Lang\", role = \"ctb\"), person(\"Lloyd\", \"Hilaiel\", role = \"cph\", comment=\"author of bundled libyajl\"))",
      "URL": "https://jeroen.r-universe.dev/jsonlite https://arxiv.org/abs/1403.2805",
      "BugReports": "https://github.com/jeroen/jsonlite/issues",
      "Maintainer": "Jeroen Ooms <jeroenooms@gmail.com>",
      "VignetteBuilder": "knitr, R.rsp",
      "Description": "A reasonably fast JSON parser and generator, optimized for statistical  data and the web. Offers simple, flexible tools for working with JSON in R, and is particularly powerful for building pipelines and interacting with a web API.  The implementation is based on the mapping described in the vignette (Ooms, 2014). In addition to converting JSON data from/to R objects, 'jsonlite' contains  functions to stream, validate, and prettify JSON data. The unit tests included  with the package verify that all edge cases are encoded and decoded consistently  for use with dynamic data in systems and applications.",
      "Suggests": [
        "httr",
        "vctrs",
        "testthat",
        "knitr",
        "rmarkdown",
        "R.rsp",
        "sf"
      ],
      "RoxygenNote": "7.3.2",
      "Encoding": "UTF-8",
      "NeedsCompilation": "yes",
      "Author": "Jeroen Ooms [aut, cre] (<https://orcid.org/0000-0002-4035-0289>), Duncan Temple Lang [ctb], Lloyd Hilaiel [cph] (author of bundled libyajl)",
      "Repository": "CRAN"
    },
    "lgr": {
      "Package": "lgr",
      "Version": "0.4.4",
      "Source": "Repository",
      "Type": "Package",
      "Title": "A Fully Featured Logging Framework",
      "Authors@R": "person(given = \"Stefan\", family = \"Fleck\", role = c(\"aut\", \"cre\"), email = \"stefan.b.fleck@gmail.com\", comment = c(ORCID = \"0000-0003-3344-9851\"))",
      "Maintainer": "Stefan Fleck <stefan.b.fleck@gmail.com>",
      "Description": "A flexible, feature-rich yet light-weight logging framework based on 'R6' classes. It supports hierarchical loggers, custom log levels, arbitrary data fields in log events, logging to plaintext, 'JSON', (rotating) files, memory buffers. For extra appenders that support logging to databases, email and push notifications see the the package lgr.app.",
      "License": "MIT + file LICENSE",
      "URL": "https://s-fleck.github.io/lgr/",
      "BugReports": "https://github.com/s-fleck/lgr/issues/",
      "Depends": [
        "R (>= 3.2.0)"
      ],
      "Imports": [
        "R6 (>= 2.4.0)"
      ],
      "Suggests": [
        "cli",
        "covr",
        "crayon",
        "data.table",
        "desc",
        "future",
        "future.apply",
        "glue",
        "jsonlite",
        "knitr",
        "rmarkdown",
        "rotor (>= 0.3.5)",
        "rprojroot",
        "testthat",
        "tibble",
        "tools",
        "utils",
        "whoami",
        "yaml"
      ],
      "VignetteBuilder": "knitr",
      "Encoding": "UTF-8",
      "RoxygenNote": "7.2.1.9000",
      "Collate": "'Filterable.R' 'utils-sfmisc.R' 'utils.R' 'Appender.R' 'Filter.R' 'log_levels.R' 'LogEvent.R' 'Layout.R' 'Logger.R' 'basic_config.R' 'default_functions.R' 'event_list.R' 'get_logger.R' 'lgr-package.R' 'logger_config.R' 'logger_index.R' 'logger_tree.R' 'read_json_lines.R' 'simple_logging.R' 'string_repr.R' 'use_logger.R' 'utils-formatting.R' 'utils-logging.R' 'utils-rd.R' 'utils-rotor.R'",
      "NeedsCompilation": "no",
      "Author": "Stefan Fleck [aut, cre] (<https://orcid.org/0000-0003-3344-9851>)",
      "Repository": "CRAN"
    },
    "lubridate": {
      "Package": "lubridate",
      "Version": "1.9.4",
      "Source": "Repository",
      "Type": "Package",
      "Title": "Make Dealing with Dates a Little Easier",
      "Authors@R": "c( person(\"Vitalie\", \"Spinu\", , \"spinuvit@gmail.com\", role = c(\"aut\", \"cre\")), person(\"Garrett\", \"Grolemund\", role = \"aut\"), person(\"Hadley\", \"Wickham\", role = \"aut\"), person(\"Davis\", \"Vaughan\", role = \"ctb\"), person(\"Ian\", \"Lyttle\", role = \"ctb\"), person(\"Imanuel\", \"Costigan\", role = \"ctb\"), person(\"Jason\", \"Law\", role = \"ctb\"), person(\"Doug\", \"Mitarotonda\", role = \"ctb\"), person(\"Joseph\", \"Larmarange\", role = \"ctb\"), person(\"Jonathan\", \"Boiser\", role = \"ctb\"), person(\"Chel Hee\", \"Lee\", role = \"ctb\") )",
      "Maintainer": "Vitalie Spinu <spinuvit@gmail.com>",
      "Description": "Functions to work with date-times and time-spans: fast and user friendly parsing of date-time data, extraction and updating of components of a date-time (years, months, days, hours, minutes, and seconds), algebraic manipulation on date-time and time-span objects. The 'lubridate' package has a consistent and memorable syntax that makes working with dates easy and fun.",
      "License": "GPL (>= 2)",
      "URL": "https://lubridate.tidyverse.org, https://github.com/tidyverse/lubridate",
      "BugReports": "https://github.com/tidyverse/lubridate/issues",
      "Depends": [
        "methods",
        "R (>= 3.2)"
      ],
      "Imports": [
        "generics",
        "timechange (>= 0.3.0)"
      ],
      "Suggests": [
        "covr",
        "knitr",
        "rmarkdown",
        "testthat (>= 2.1.0)",
        "vctrs (>= 0.6.5)"
      ],
      "Enhances": [
        "chron",
        "data.table",
        "timeDate",
        "tis",
        "zoo"
      ],
      "VignetteBuilder": "knitr",
      "Config/Needs/website": "tidyverse/tidytemplate",
      "Config/testthat/edition": "3",
      "Encoding": "UTF-8",
      "LazyData": "true",
      "RoxygenNote": "7.2.3",
      "SystemRequirements": "C++11, A system with zoneinfo data (e.g. /usr/share/zoneinfo). On Windows the zoneinfo included with R is used.",
      "Collate": "'Dates.r' 'POSIXt.r' 'util.r' 'parse.r' 'timespans.r' 'intervals.r' 'difftimes.r' 'durations.r' 'periods.r' 'accessors-date.R' 'accessors-day.r' 'accessors-dst.r' 'accessors-hour.r' 'accessors-minute.r' 'accessors-month.r' 'accessors-quarter.r' 'accessors-second.r' 'accessors-tz.r' 'accessors-week.r' 'accessors-year.r' 'am-pm.r' 'time-zones.r' 'numeric.r' 'coercion.r' 'constants.r' 'cyclic_encoding.r' 'data.r' 'decimal-dates.r' 'deprecated.r' 'format_ISO8601.r' 'guess.r' 'hidden.r' 'instants.r' 'leap-years.r' 'ops-addition.r' 'ops-compare.r' 'ops-division.r' 'ops-integer-division.r' 'ops-m+.r' 'ops-modulo.r' 'ops-multiplication.r' 'ops-subtraction.r' 'package.r' 'pretty.r' 'round.r' 'stamp.r' 'tzdir.R' 'update.r' 'vctrs.R' 'zzz.R'",
      "NeedsCompilation": "yes",
      "Author": "Vitalie Spinu [aut, cre], Garrett Grolemund [aut], Hadley Wickham [aut], Davis Vaughan [ctb], Ian Lyttle [ctb], Imanuel Costigan [ctb], Jason Law [ctb], Doug Mitarotonda [ctb], Joseph Larmarange [ctb], Jonathan Boiser [ctb], Chel Hee Lee [ctb]",
      "Repository": "CRAN"
    },
    "renv": {
      "Package": "renv",
      "Version": "1.1.4",
      "Source": "Repository",
      "Type": "Package",
      "Title": "Project Environments",
      "Authors@R": "c( person(\"Kevin\", \"Ushey\", role = c(\"aut\", \"cre\"), email = \"kevin@rstudio.com\", comment = c(ORCID = \"0000-0003-2880-7407\")), person(\"Hadley\", \"Wickham\", role = c(\"aut\"), email = \"hadley@rstudio.com\", comment = c(ORCID = \"0000-0003-4757-117X\")), person(\"Posit Software, PBC\", role = c(\"cph\", \"fnd\")) )",
      "Description": "A dependency management toolkit for R. Using 'renv', you can create and manage project-local R libraries, save the state of these libraries to a 'lockfile', and later restore your library as required. Together, these tools can help make your projects more isolated, portable, and reproducible.",
      "License": "MIT + file LICENSE",
      "URL": "https://rstudio.github.io/renv/, https://github.com/rstudio/renv",
      "BugReports": "https://github.com/rstudio/renv/issues",
      "Imports": [
        "utils"
      ],
      "Suggests": [
        "BiocManager",
        "cli",
        "compiler",
        "covr",
        "cpp11",
        "devtools",
        "gitcreds",
        "jsonlite",
        "jsonvalidate",
        "knitr",
        "miniUI",
        "modules",
        "packrat",
        "pak",
        "R6",
        "remotes",
        "reticulate",
        "rmarkdown",
        "rstudioapi",
        "shiny",
        "testthat",
        "uuid",
        "waldo",
        "yaml",
        "webfakes"
      ],
      "Encoding": "UTF-8",
      "RoxygenNote": "7.3.2",
      "VignetteBuilder": "knitr",
      "Config/Needs/website": "tidyverse/tidytemplate",
      "Config/testthat/edition": "3",
      "Config/testthat/parallel": "true",
      "Config/testthat/start-first": "bioconductor,python,install,restore,snapshot,retrieve,remotes",
      "NeedsCompilation": "no",
      "Author": "Kevin Ushey [aut, cre] (<https://orcid.org/0000-0003-2880-7407>), Hadley Wickham [aut] (<https://orcid.org/0000-0003-4757-117X>), Posit Software, PBC [cph, fnd]",
      "Maintainer": "Kevin Ushey <kevin@rstudio.com>",
      "Repository": "CRAN"
    },
    "timechange": {
      "Package": "timechange",
      "Version": "0.3.0",
      "Source": "Repository",
      "Title": "Efficient Manipulation of Date-Times",
      "Authors@R": "c(person(\"Vitalie\", \"Spinu\", email = \"spinuvit@gmail.com\", role = c(\"aut\", \"cre\")), person(\"Google Inc.\", role = c(\"ctb\", \"cph\")))",
      "Description": "Efficient routines for manipulation of date-time objects while accounting for time-zones and daylight saving times. The package includes utilities for updating of date-time components (year, month, day etc.), modification of time-zones, rounding of date-times, period addition and subtraction etc. Parts of the 'CCTZ' source code, released under the Apache 2.0 License, are included in this package. See <https://github.com/google/cctz> for more details.",
      "Depends": [
        "R (>= 3.3)"
      ],
      "License": "GPL (>= 3)",
      "Encoding": "UTF-8",
      "LinkingTo": [
        "cpp11 (>= 0.2.7)"
      ],
      "Suggests": [
        "testthat (>= 0.7.1.99)",
        "knitr"
      ],
      "SystemRequirements": "A system with zoneinfo data (e.g. /usr/share/zoneinfo) as well as a recent-enough C++11 compiler (such as g++-4.8 or later). On Windows the zoneinfo included with R is used.",
      "BugReports": "https://github.com/vspinu/timechange/issues",
      "URL": "https://github.com/vspinu/timechange/",
      "RoxygenNote": "7.2.1",
      "NeedsCompilation": "yes",
      "Author": "Vitalie Spinu [aut, cre], Google Inc. [ctb, cph]",
      "Maintainer": "Vitalie Spinu <spinuvit@gmail.com>",
      "Repository": "CRAN"
    }
  }
}
